<?xml version="1.0" encoding="utf-8"?>
<Project ToolsVersion="4.0" xmlns="http://schemas.microsoft.com/developer/msbuild/2003">
  <ItemGroup>
    <Filter Include="xxlib">
      <UniqueIdentifier>{47cebb18-858d-4345-b65c-ddec4a85a8f3}</UniqueIdentifier>
    </Filter>
  </ItemGroup>
  <ItemGroup>
    <ClCompile Include="main.cpp" />
    <ClCompile Include="CS.cpp" />
    <ClCompile Include="CS_EnumToString.cpp" />
    <ClCompile Include="CS_Handler.cpp" />
    <ClCompile Include="xxlib_bb_utils.cpp">
      <Filter>xxlib</Filter>
    </ClCompile>
    <ClCompile Include="xxlib_list.cpp">
      <Filter>xxlib</Filter>
    </ClCompile>
    <ClCompile Include="xxlib_mp.cpp">
      <Filter>xxlib</Filter>
    </ClCompile>
    <ClCompile Include="xxlib_sb.cpp">
      <Filter>xxlib</Filter>
    </ClCompile>
    <ClCompile Include="xxlib_sb_utils.cpp">
      <Filter>xxlib</Filter>
    </ClCompile>
    <ClCompile Include="xxlib_utils.cpp">
      <Filter>xxlib</Filter>
    </ClCompile>
    <ClCompile Include="xxlib_bb.cpp">
      <Filter>xxlib</Filter>
    </ClCompile>
  </ItemGroup>
  <ItemGroup>
    <ClInclude Include="CS.h" />
    <ClInclude Include="CS_EnumToString.h" />
    <ClInclude Include="xxlib_bb.h">
      <Filter>xxlib</Filter>
    </ClInclude>
    <ClInclude Include="xxlib_bb_sb_ext.h">
      <Filter>xxlib</Filter>
    </ClInclude>
    <ClInclude Include="xxlib_bb_utils.h">
      <Filter>xxlib</Filter>
    </ClInclude>
    <ClInclude Include="xxlib_dict.h">
      <Filter>xxlib</Filter>
    </ClInclude>
    <ClInclude Include="xxlib_fixedlist.h">
      <Filter>xxlib</Filter>
    </ClInclude>
    <ClInclude Include="xxlib_fp.h">
      <Filter>xxlib</Filter>
    </ClInclude>
    <ClInclude Include="xxlib_hashset.h">
      <Filter>xxlib</Filter>
    </ClInclude>
    <ClInclude Include="xxlib_links.h">
      <Filter>xxlib</Filter>
    </ClInclude>
    <ClInclude Include="xxlib_linksex.h">
      <Filter>xxlib</Filter>
    </ClInclude>
    <ClInclude Include="xxlib_list.h">
      <Filter>xxlib</Filter>
    </ClInclude>
    <ClInclude Include="xxlib_list_bb_ext.h">
      <Filter>xxlib</Filter>
    </ClInclude>
    <ClInclude Include="xxlib_mp.h">
      <Filter>xxlib</Filter>
    </ClInclude>
    <ClInclude Include="xxlib_op.h">
      <Filter>xxlib</Filter>
    </ClInclude>
    <ClInclude Include="xxlib_queue.h">
      <Filter>xxlib</Filter>
    </ClInclude>
    <ClInclude Include="xxlib_sb.h">
      <Filter>xxlib</Filter>
    </ClInclude>
    <ClInclude Include="xxlib_sb_bb_ext.h">
      <Filter>xxlib</Filter>
    </ClInclude>
    <ClInclude Include="xxlib_sb_utils.h">
      <Filter>xxlib</Filter>
    </ClInclude>
    <ClInclude Include="xxlib_simpledate.h">
      <Filter>xxlib</Filter>
    </ClInclude>
    <ClInclude Include="xxlib_simpledate_bb_ext.h">
      <Filter>xxlib</Filter>
    </ClInclude>
    <ClInclude Include="xxlib_simpledate_sb_ext.h">
      <Filter>xxlib</Filter>
    </ClInclude>
    <ClInclude Include="xxlib_typedef.h">
      <Filter>xxlib</Filter>
    </ClInclude>
    <ClInclude Include="xxlib_utils.h">
      <Filter>xxlib</Filter>
    </ClInclude>
    <ClInclude Include="xxlib_utils_hash.h">
      <Filter>xxlib</Filter>
    </ClInclude>
    <ClInclude Include="xxlib_abcd.h">
      <Filter>xxlib</Filter>
    </ClInclude>
  </ItemGroup>
  <ItemGroup>
    <Natvis Include="xxlib_list.natvis">
      <Filter>xxlib</Filter>
    </Natvis>
  </ItemGroup>
</Project>